
Microsoft Visual Studio Solution File, Format Version 12.00
# Visual Studio Version 17
VisualStudioVersion = 17.3.32901.215
MinimumVisualStudioVersion = 10.0.40219.1
Project("{FAE04EC0-301F-11D3-BF4B-00C04F79EFBC}") = "Polynoms", "Polynoms\Polynoms.csproj", "{328F6B22-6B77-4859-801A-38241FA2C490}"
EndProject
Global
	GlobalSection(SolutionConfigurationPlatforms) = preSolution
		Debug|Any CPU = Debug|Any CPU
		Release|Any CPU = Release|Any CPU
	EndGlobalSection
	GlobalSection(ProjectConfigurationPlatforms) = postSolution
		{328F6B22-6B77-4859-801A-38241FA2C490}.Debug|Any CPU.ActiveCfg = Debug|Any CPU
		{328F6B22-6B77-4859-801A-38241FA2C490}.Debug|Any CPU.Build.0 = Debug|Any CPU
		{328F6B22-6B77-4859-801A-38241FA2C490}.Release|Any CPU.ActiveCfg = Release|Any CPU
		{328F6B22-6B77-4859-801A-38241FA2C490}.Release|Any CPU.Build.0 = Release|Any CPU
	EndGlobalSection
	GlobalSection(SolutionProperties) = preSolution
		HideSolutionNode = FALSE
	EndGlobalSection
	GlobalSection(ExtensibilityGlobals) = postSolution
		SolutionGuid = {241A0E92-BD69-40CF-BAA7-AB24C1C628DD}
	EndGlobalSection
EndGlobal
